
Microsoft Visual Studio Solution File, Format Version 12.00
# Visual Studio Version 17
VisualStudioVersion = 17.0.31903.59
MinimumVisualStudioVersion = 10.0.40219.1
Project("{FAE04EC0-301F-11D3-BF4B-00C04F79EFBC}") = "MyConsole", "MyConsole\MyConsole.csproj", "{2AF74E00-21EB-446F-882F-050DC2FE45D8}"
EndProject
Project("{FAE04EC0-301F-11D3-BF4B-00C04F79EFBC}") = "MyHelperLib", "MyHelperLib\MyHelperLib.csproj", "{66BF67F0-1DD4-461B-92F7-4ACE98E8DC9B}"
EndProject
Global
	GlobalSection(SolutionConfigurationPlatforms) = preSolution
		Debug|Any CPU = Debug|Any CPU
		Release|Any CPU = Release|Any CPU
	EndGlobalSection
	GlobalSection(SolutionProperties) = preSolution
		HideSolutionNode = FALSE
	EndGlobalSection
	GlobalSection(ProjectConfigurationPlatforms) = postSolution
		{2AF74E00-21EB-446F-882F-050DC2FE45D8}.Debug|Any CPU.ActiveCfg = Debug|Any CPU
		{2AF74E00-21EB-446F-882F-050DC2FE45D8}.Debug|Any CPU.Build.0 = Debug|Any CPU
		{2AF74E00-21EB-446F-882F-050DC2FE45D8}.Release|Any CPU.ActiveCfg = Release|Any CPU
		{2AF74E00-21EB-446F-882F-050DC2FE45D8}.Release|Any CPU.Build.0 = Release|Any CPU
		{66BF67F0-1DD4-461B-92F7-4ACE98E8DC9B}.Debug|Any CPU.ActiveCfg = Debug|Any CPU
		{66BF67F0-1DD4-461B-92F7-4ACE98E8DC9B}.Debug|Any CPU.Build.0 = Debug|Any CPU
		{66BF67F0-1DD4-461B-92F7-4ACE98E8DC9B}.Release|Any CPU.ActiveCfg = Release|Any CPU
		{66BF67F0-1DD4-461B-92F7-4ACE98E8DC9B}.Release|Any CPU.Build.0 = Release|Any CPU
	EndGlobalSection
EndGlobal
